// !$*UTF8*$!
{
	archiveVersion = 1;
	classes = {
	};
	objectVersion = 46;
	objects = {

/* Begin PBXBuildFile section */
		E961A8351D4C9FD700CC2D43 /* AppDelegate.swift in Sources */ = {isa = PBXBuildFile; fileRef = E961A8341D4C9FD700CC2D43 /* AppDelegate.swift */; };
		E961A8371D4C9FD700CC2D43 /* ViewController.swift in Sources */ = {isa = PBXBuildFile; fileRef = E961A8361D4C9FD700CC2D43 /* ViewController.swift */; };
		E961A83C1D4C9FD700CC2D43 /* Assets.xcassets in Resources */ = {isa = PBXBuildFile; fileRef = E961A83B1D4C9FD700CC2D43 /* Assets.xcassets */; };
		E961A83F1D4C9FD700CC2D43 /* LaunchScreen.storyboard in Resources */ = {isa = PBXBuildFile; fileRef = E961A83D1D4C9FD700CC2D43 /* LaunchScreen.storyboard */; };
		E961A84A1D4C9FD700CC2D43 /* ImageLoaderDemoTests.swift in Sources */ = {isa = PBXBuildFile; fileRef = E961A8491D4C9FD700CC2D43 /* ImageLoaderDemoTests.swift */; };
		E961A85B1D4CA01100CC2D43 /* ResourceManger.swift in Sources */ = {isa = PBXBuildFile; fileRef = E961A8561D4CA01100CC2D43 /* ResourceManger.swift */; };
		E961A85C1D4CA01100CC2D43 /* Resource.swift in Sources */ = {isa = PBXBuildFile; fileRef = E961A8571D4CA01100CC2D43 /* Resource.swift */; };
		E961A85D1D4CA01100CC2D43 /* DownloadsManager.swift in Sources */ = {isa = PBXBuildFile; fileRef = E961A8581D4CA01100CC2D43 /* DownloadsManager.swift */; };
		E961A85E1D4CA01100CC2D43 /* CacheManager.swift in Sources */ = {isa = PBXBuildFile; fileRef = E961A8591D4CA01100CC2D43 /* CacheManager.swift */; };
		E961A85F1D4CA01100CC2D43 /* UrlObserverDelegate.swift in Sources */ = {isa = PBXBuildFile; fileRef = E961A85A1D4CA01100CC2D43 /* UrlObserverDelegate.swift */; };
		E961A86B1D4CA1D500CC2D43 /* FlickrHelper.swift in Sources */ = {isa = PBXBuildFile; fileRef = E961A8691D4CA1D500CC2D43 /* FlickrHelper.swift */; };
		E961A86C1D4CA1D500CC2D43 /* FlickrPhoto.swift in Sources */ = {isa = PBXBuildFile; fileRef = E961A86A1D4CA1D500CC2D43 /* FlickrPhoto.swift */; };
		E961A86E1D4CA20600CC2D43 /* Main.storyboard in Resources */ = {isa = PBXBuildFile; fileRef = E961A86D1D4CA20600CC2D43 /* Main.storyboard */; };
		E961A8701D4CA2B700CC2D43 /* Placeholder.png in Resources */ = {isa = PBXBuildFile; fileRef = E961A86F1D4CA2B700CC2D43 /* Placeholder.png */; };
		E961A88A1D4CA3E100CC2D43 /* ResourceLoaderTests.swift in Sources */ = {isa = PBXBuildFile; fileRef = E961A8861D4CA3E100CC2D43 /* ResourceLoaderTests.swift */; };
		E961A88B1D4CA3E100CC2D43 /* DownloadResorucesTestCase.swift in Sources */ = {isa = PBXBuildFile; fileRef = E961A8871D4CA3E100CC2D43 /* DownloadResorucesTestCase.swift */; };
		E961A88C1D4CA3E100CC2D43 /* DownloadCancelTestCase.swift in Sources */ = {isa = PBXBuildFile; fileRef = E961A8881D4CA3E100CC2D43 /* DownloadCancelTestCase.swift */; };
		E961A88D1D4CA3E100CC2D43 /* CacheTestCase.swift in Sources */ = {isa = PBXBuildFile; fileRef = E961A8891D4CA3E100CC2D43 /* CacheTestCase.swift */; };
/* End PBXBuildFile section */

/* Begin PBXContainerItemProxy section */
		E961A8461D4C9FD700CC2D43 /* PBXContainerItemProxy */ = {
			isa = PBXContainerItemProxy;
			containerPortal = E961A8291D4C9FD700CC2D43 /* Project object */;
			proxyType = 1;
			remoteGlobalIDString = E961A8301D4C9FD700CC2D43;
			remoteInfo = ImageLoaderDemo;
		};
/* End PBXContainerItemProxy section */

/* Begin PBXFileReference section */
		E961A8311D4C9FD700CC2D43 /* ImageLoaderDemo.app */ = {isa = PBXFileReference; explicitFileType = wrapper.application; includeInIndex = 0; path = ImageLoaderDemo.app; sourceTree = BUILT_PRODUCTS_DIR; };
		E961A8341D4C9FD700CC2D43 /* AppDelegate.swift */ = {isa = PBXFileReference; lastKnownFileType = sourcecode.swift; path = AppDelegate.swift; sourceTree = "<group>"; };
		E961A8361D4C9FD700CC2D43 /* ViewController.swift */ = {isa = PBXFileReference; lastKnownFileType = sourcecode.swift; path = ViewController.swift; sourceTree = "<group>"; };
		E961A83B1D4C9FD700CC2D43 /* Assets.xcassets */ = {isa = PBXFileReference; lastKnownFileType = folder.assetcatalog; path = Assets.xcassets; sourceTree = "<group>"; };
		E961A83E1D4C9FD700CC2D43 /* Base */ = {isa = PBXFileReference; lastKnownFileType = file.storyboard; name = Base; path = Base.lproj/LaunchScreen.storyboard; sourceTree = "<group>"; };
		E961A8401D4C9FD700CC2D43 /* Info.plist */ = {isa = PBXFileReference; lastKnownFileType = text.plist.xml; path = Info.plist; sourceTree = "<group>"; };
		E961A8451D4C9FD700CC2D43 /* ImageLoaderDemoTests.xctest */ = {isa = PBXFileReference; explicitFileType = wrapper.cfbundle; includeInIndex = 0; path = ImageLoaderDemoTests.xctest; sourceTree = BUILT_PRODUCTS_DIR; };
		E961A8491D4C9FD700CC2D43 /* ImageLoaderDemoTests.swift */ = {isa = PBXFileReference; lastKnownFileType = sourcecode.swift; path = ImageLoaderDemoTests.swift; sourceTree = "<group>"; };
		E961A84B1D4C9FD700CC2D43 /* Info.plist */ = {isa = PBXFileReference; lastKnownFileType = text.plist.xml; path = Info.plist; sourceTree = "<group>"; };
		E961A8561D4CA01100CC2D43 /* ResourceManger.swift */ = {isa = PBXFileReference; fileEncoding = 4; lastKnownFileType = sourcecode.swift; path = ResourceManger.swift; sourceTree = "<group>"; };
		E961A8571D4CA01100CC2D43 /* Resource.swift */ = {isa = PBXFileReference; fileEncoding = 4; lastKnownFileType = sourcecode.swift; path = Resource.swift; sourceTree = "<group>"; };
		E961A8581D4CA01100CC2D43 /* DownloadsManager.swift */ = {isa = PBXFileReference; fileEncoding = 4; lastKnownFileType = sourcecode.swift; path = DownloadsManager.swift; sourceTree = "<group>"; };
		E961A8591D4CA01100CC2D43 /* CacheManager.swift */ = {isa = PBXFileReference; fileEncoding = 4; lastKnownFileType = sourcecode.swift; path = CacheManager.swift; sourceTree = "<group>"; };
		E961A85A1D4CA01100CC2D43 /* UrlObserverDelegate.swift */ = {isa = PBXFileReference; fileEncoding = 4; lastKnownFileType = sourcecode.swift; path = UrlObserverDelegate.swift; sourceTree = "<group>"; };
		E961A8691D4CA1D500CC2D43 /* FlickrHelper.swift */ = {isa = PBXFileReference; fileEncoding = 4; lastKnownFileType = sourcecode.swift; path = FlickrHelper.swift; sourceTree = "<group>"; };
		E961A86A1D4CA1D500CC2D43 /* FlickrPhoto.swift */ = {isa = PBXFileReference; fileEncoding = 4; lastKnownFileType = sourcecode.swift; path = FlickrPhoto.swift; sourceTree = "<group>"; };
		E961A86D1D4CA20600CC2D43 /* Main.storyboard */ = {isa = PBXFileReference; fileEncoding = 4; lastKnownFileType = file.storyboard; path = Main.storyboard; sourceTree = "<group>"; };
		E961A86F1D4CA2B700CC2D43 /* Placeholder.png */ = {isa = PBXFileReference; lastKnownFileType = image.png; path = Placeholder.png; sourceTree = "<group>"; };
		E961A8861D4CA3E100CC2D43 /* ResourceLoaderTests.swift */ = {isa = PBXFileReference; fileEncoding = 4; lastKnownFileType = sourcecode.swift; path = ResourceLoaderTests.swift; sourceTree = "<group>"; };
		E961A8871D4CA3E100CC2D43 /* DownloadResorucesTestCase.swift */ = {isa = PBXFileReference; fileEncoding = 4; lastKnownFileType = sourcecode.swift; path = DownloadResorucesTestCase.swift; sourceTree = "<group>"; };
		E961A8881D4CA3E100CC2D43 /* DownloadCancelTestCase.swift */ = {isa = PBXFileReference; fileEncoding = 4; lastKnownFileType = sourcecode.swift; path = DownloadCancelTestCase.swift; sourceTree = "<group>"; };
		E961A8891D4CA3E100CC2D43 /* CacheTestCase.swift */ = {isa = PBXFileReference; fileEncoding = 4; lastKnownFileType = sourcecode.swift; path = CacheTestCase.swift; sourceTree = "<group>"; };
/* End PBXFileReference section */

/* Begin PBXFrameworksBuildPhase section */
		E961A82E1D4C9FD700CC2D43 /* Frameworks */ = {
			isa = PBXFrameworksBuildPhase;
			buildActionMask = 2147483647;
			files = (
			);
			runOnlyForDeploymentPostprocessing = 0;
		};
		E961A8421D4C9FD700CC2D43 /* Frameworks */ = {
			isa = PBXFrameworksBuildPhase;
			buildActionMask = 2147483647;
			files = (
			);
			runOnlyForDeploymentPostprocessing = 0;
		};
/* End PBXFrameworksBuildPhase section */

/* Begin PBXGroup section */
		E961A8281D4C9FD700CC2D43 = {
			isa = PBXGroup;
			children = (
				E961A8551D4C9FFC00CC2D43 /* ResourceLoaderLib */,
				E961A8331D4C9FD700CC2D43 /* ImageLoaderDemo */,
				E961A8481D4C9FD700CC2D43 /* ImageLoaderDemoTests */,
				E961A8321D4C9FD700CC2D43 /* Products */,
			);
			sourceTree = "<group>";
		};
		E961A8321D4C9FD700CC2D43 /* Products */ = {
			isa = PBXGroup;
			children = (
				E961A8311D4C9FD700CC2D43 /* ImageLoaderDemo.app */,
				E961A8451D4C9FD700CC2D43 /* ImageLoaderDemoTests.xctest */,
			);
			name = Products;
			sourceTree = "<group>";
		};
		E961A8331D4C9FD700CC2D43 /* ImageLoaderDemo */ = {
			isa = PBXGroup;
			children = (
				E961A86F1D4CA2B700CC2D43 /* Placeholder.png */,
				E961A8691D4CA1D500CC2D43 /* FlickrHelper.swift */,
				E961A86A1D4CA1D500CC2D43 /* FlickrPhoto.swift */,
				E961A8341D4C9FD700CC2D43 /* AppDelegate.swift */,
				E961A8361D4C9FD700CC2D43 /* ViewController.swift */,
				E961A86D1D4CA20600CC2D43 /* Main.storyboard */,
				E961A83B1D4C9FD700CC2D43 /* Assets.xcassets */,
				E961A83D1D4C9FD700CC2D43 /* LaunchScreen.storyboard */,
				E961A8401D4C9FD700CC2D43 /* Info.plist */,
			);
			path = ImageLoaderDemo;
			sourceTree = "<group>";
		};
		E961A8481D4C9FD700CC2D43 /* ImageLoaderDemoTests */ = {
			isa = PBXGroup;
			children = (
				E961A8851D4CA32700CC2D43 /* ResourceLoaderLibTests */,
				E961A8491D4C9FD700CC2D43 /* ImageLoaderDemoTests.swift */,
				E961A84B1D4C9FD700CC2D43 /* Info.plist */,
			);
			path = ImageLoaderDemoTests;
			sourceTree = "<group>";
		};
		E961A8551D4C9FFC00CC2D43 /* ResourceLoaderLib */ = {
			isa = PBXGroup;
			children = (
				E961A8561D4CA01100CC2D43 /* ResourceManger.swift */,
				E961A8571D4CA01100CC2D43 /* Resource.swift */,
				E961A8581D4CA01100CC2D43 /* DownloadsManager.swift */,
				E961A8591D4CA01100CC2D43 /* CacheManager.swift */,
				E961A85A1D4CA01100CC2D43 /* UrlObserverDelegate.swift */,
			);
			name = ResourceLoaderLib;
			sourceTree = "<group>";
		};
		E961A8851D4CA32700CC2D43 /* ResourceLoaderLibTests */ = {
			isa = PBXGroup;
			children = (
				E961A8861D4CA3E100CC2D43 /* ResourceLoaderTests.swift */,
				E961A8871D4CA3E100CC2D43 /* DownloadResorucesTestCase.swift */,
				E961A8881D4CA3E100CC2D43 /* DownloadCancelTestCase.swift */,
				E961A8891D4CA3E100CC2D43 /* CacheTestCase.swift */,
			);
			name = ResourceLoaderLibTests;
			path = ImageLoaderDemoTests;
			sourceTree = SOURCE_ROOT;
		};
/* End PBXGroup section */

/* Begin PBXNativeTarget section */
		E961A8301D4C9FD700CC2D43 /* ImageLoaderDemo */ = {
			isa = PBXNativeTarget;
			buildConfigurationList = E961A84E1D4C9FD700CC2D43 /* Build configuration list for PBXNativeTarget "ImageLoaderDemo" */;
			buildPhases = (
				E961A82D1D4C9FD700CC2D43 /* Sources */,
				E961A82E1D4C9FD700CC2D43 /* Frameworks */,
				E961A82F1D4C9FD700CC2D43 /* Resources */,
			);
			buildRules = (
			);
			dependencies = (
			);
			name = ImageLoaderDemo;
			productName = ImageLoaderDemo;
			productReference = E961A8311D4C9FD700CC2D43 /* ImageLoaderDemo.app */;
			productType = "com.apple.product-type.application";
		};
		E961A8441D4C9FD700CC2D43 /* ImageLoaderDemoTests */ = {
			isa = PBXNativeTarget;
			buildConfigurationList = E961A8511D4C9FD700CC2D43 /* Build configuration list for PBXNativeTarget "ImageLoaderDemoTests" */;
			buildPhases = (
				E961A8411D4C9FD700CC2D43 /* Sources */,
				E961A8421D4C9FD700CC2D43 /* Frameworks */,
				E961A8431D4C9FD700CC2D43 /* Resources */,
			);
			buildRules = (
			);
			dependencies = (
				E961A8471D4C9FD700CC2D43 /* PBXTargetDependency */,
			);
			name = ImageLoaderDemoTests;
			productName = ImageLoaderDemoTests;
			productReference = E961A8451D4C9FD700CC2D43 /* ImageLoaderDemoTests.xctest */;
			productType = "com.apple.product-type.bundle.unit-test";
		};
/* End PBXNativeTarget section */

/* Begin PBXProject section */
		E961A8291D4C9FD700CC2D43 /* Project object */ = {
			isa = PBXProject;
			attributes = {
				LastSwiftUpdateCheck = 0730;
				LastUpgradeCheck = 0730;
				ORGANIZATIONNAME = Phani;
				TargetAttributes = {
					E961A8301D4C9FD700CC2D43 = {
						CreatedOnToolsVersion = 7.3.1;
					};
					E961A8441D4C9FD700CC2D43 = {
						CreatedOnToolsVersion = 7.3.1;
						TestTargetID = E961A8301D4C9FD700CC2D43;
					};
				};
			};
			buildConfigurationList = E961A82C1D4C9FD700CC2D43 /* Build configuration list for PBXProject "ImageLoaderDemo" */;
			compatibilityVersion = "Xcode 3.2";
			developmentRegion = English;
			hasScannedForEncodings = 0;
			knownRegions = (
				en,
				Base,
			);
			mainGroup = E961A8281D4C9FD700CC2D43;
			productRefGroup = E961A8321D4C9FD700CC2D43 /* Products */;
			projectDirPath = "";
			projectRoot = "";
			targets = (
				E961A8301D4C9FD700CC2D43 /* ImageLoaderDemo */,
				E961A8441D4C9FD700CC2D43 /* ImageLoaderDemoTests */,
			);
		};
/* End PBXProject section */

/* Begin PBXResourcesBuildPhase section */
		E961A82F1D4C9FD700CC2D43 /* Resources */ = {
			isa = PBXResourcesBuildPhase;
			buildActionMask = 2147483647;
			files = (
				E961A83F1D4C9FD700CC2D43 /* LaunchScreen.storyboard in Resources */,
				E961A8701D4CA2B700CC2D43 /* Placeholder.png in Resources */,
				E961A83C1D4C9FD700CC2D43 /* Assets.xcassets in Resources */,
				E961A86E1D4CA20600CC2D43 /* Main.storyboard in Resources */,
			);
			runOnlyForDeploymentPostprocessing = 0;
		};
		E961A8431D4C9FD700CC2D43 /* Resources */ = {
			isa = PBXResourcesBuildPhase;
			buildActionMask = 2147483647;
			files = (
			);
			runOnlyForDeploymentPostprocessing = 0;
		};
/* End PBXResourcesBuildPhase section */

/* Begin PBXSourcesBuildPhase section */
		E961A82D1D4C9FD700CC2D43 /* Sources */ = {
			isa = PBXSourcesBuildPhase;
			buildActionMask = 2147483647;
			files = (
				E961A86B1D4CA1D500CC2D43 /* FlickrHelper.swift in Sources */,
				E961A85F1D4CA01100CC2D43 /* UrlObserverDelegate.swift in Sources */,
				E961A8371D4C9FD700CC2D43 /* ViewController.swift in Sources */,
				E961A85C1D4CA01100CC2D43 /* Resource.swift in Sources */,
				E961A86C1D4CA1D500CC2D43 /* FlickrPhoto.swift in Sources */,
				E961A8351D4C9FD700CC2D43 /* AppDelegate.swift in Sources */,
				E961A85D1D4CA01100CC2D43 /* DownloadsManager.swift in Sources */,
				E961A85E1D4CA01100CC2D43 /* CacheManager.swift in Sources */,
				E961A85B1D4CA01100CC2D43 /* ResourceManger.swift in Sources */,
			);
			runOnlyForDeploymentPostprocessing = 0;
		};
		E961A8411D4C9FD700CC2D43 /* Sources */ = {
			isa = PBXSourcesBuildPhase;
			buildActionMask = 2147483647;
			files = (
				E961A88A1D4CA3E100CC2D43 /* ResourceLoaderTests.swift in Sources */,
				E961A88C1D4CA3E100CC2D43 /* DownloadCancelTestCase.swift in Sources */,
				E961A88D1D4CA3E100CC2D43 /* CacheTestCase.swift in Sources */,
				E961A84A1D4C9FD700CC2D43 /* ImageLoaderDemoTests.swift in Sources */,
				E961A88B1D4CA3E100CC2D43 /* DownloadResorucesTestCase.swift in Sources */,
			);
			runOnlyForDeploymentPostprocessing = 0;
		};
/* End PBXSourcesBuildPhase section */

/* Begin PBXTargetDependency section */
		E961A8471D4C9FD700CC2D43 /* PBXTargetDependency */ = {
			isa = PBXTargetDependency;
			target = E961A8301D4C9FD700CC2D43 /* ImageLoaderDemo */;
			targetProxy = E961A8461D4C9FD700CC2D43 /* PBXContainerItemProxy */;
		};
/* End PBXTargetDependency section */

/* Begin PBXVariantGroup section */
		E961A83D1D4C9FD700CC2D43 /* LaunchScreen.storyboard */ = {
			isa = PBXVariantGroup;
			children = (
				E961A83E1D4C9FD700CC2D43 /* Base */,
			);
			name = LaunchScreen.storyboard;
			sourceTree = "<group>";
		};
/* End PBXVariantGroup section */

/* Begin XCBuildConfiguration section */
		E961A84C1D4C9FD700CC2D43 /* Debug */ = {
			isa = XCBuildConfiguration;
			buildSettings = {
				ALWAYS_SEARCH_USER_PATHS = NO;
				CLANG_ANALYZER_NONNULL = YES;
				CLANG_CXX_LANGUAGE_STANDARD = "gnu++0x";
				CLANG_CXX_LIBRARY = "libc++";
				CLANG_ENABLE_MODULES = YES;
				CLANG_ENABLE_OBJC_ARC = YES;
				CLANG_WARN_BOOL_CONVERSION = YES;
				CLANG_WARN_CONSTANT_CONVERSION = YES;
				CLANG_WARN_DIRECT_OBJC_ISA_USAGE = YES_ERROR;
				CLANG_WARN_EMPTY_BODY = YES;
				CLANG_WARN_ENUM_CONVERSION = YES;
				CLANG_WARN_INT_CONVERSION = YES;
				CLANG_WARN_OBJC_ROOT_CLASS = YES_ERROR;
				CLANG_WARN_UNREACHABLE_CODE = YES;
				CLANG_WARN__DUPLICATE_METHOD_MATCH = YES;
				"CODE_SIGN_IDENTITY[sdk=iphoneos*]" = "iPhone Developer";
				COPY_PHASE_STRIP = NO;
				DEBUG_INFORMATION_FORMAT = dwarf;
				ENABLE_STRICT_OBJC_MSGSEND = YES;
				ENABLE_TESTABILITY = YES;
				GCC_C_LANGUAGE_STANDARD = gnu99;
				GCC_DYNAMIC_NO_PIC = NO;
				GCC_NO_COMMON_BLOCKS = YES;
				GCC_OPTIMIZATION_LEVEL = 0;
				GCC_PREPROCESSOR_DEFINITIONS = (
					"DEBUG=1",
					"$(inherited)",
				);
				GCC_WARN_64_TO_32_BIT_CONVERSION = YES;
				GCC_WARN_ABOUT_RETURN_TYPE = YES_ERROR;
				GCC_WARN_UNDECLARED_SELECTOR = YES;
				GCC_WARN_UNINITIALIZED_AUTOS = YES_AGGRESSIVE;
				GCC_WARN_UNUSED_FUNCTION = YES;
				GCC_WARN_UNUSED_VARIABLE = YES;
				IPHONEOS_DEPLOYMENT_TARGET = 9.3;
				MTL_ENABLE_DEBUG_INFO = YES;
				ONLY_ACTIVE_ARCH = YES;
				SDKROOT = iphoneos;
				SWIFT_OPTIMIZATION_LEVEL = "-Onone";
			};
			name = Debug;
		};
		E961A84D1D4C9FD700CC2D43 /* Release */ = {
			isa = XCBuildConfiguration;
			buildSettings = {
				ALWAYS_SEARCH_USER_PATHS = NO;
				CLANG_ANALYZER_NONNULL = YES;
				CLANG_CXX_LANGUAGE_STANDARD = "gnu++0x";
				CLANG_CXX_LIBRARY = "libc++";
				CLANG_ENABLE_MODULES = YES;
				CLANG_ENABLE_OBJC_ARC = YES;
				CLANG_WARN_BOOL_CONVERSION = YES;
				CLANG_WARN_CONSTANT_CONVERSION = YES;
				CLANG_WARN_DIRECT_OBJC_ISA_USAGE = YES_ERROR;
				CLANG_WARN_EMPTY_BODY = YES;
				CLANG_WARN_ENUM_CONVERSION = YES;
				CLANG_WARN_INT_CONVERSION = YES;
				CLANG_WARN_OBJC_ROOT_CLASS = YES_ERROR;
				CLANG_WARN_UNREACHABLE_CODE = YES;
				CLANG_WARN__DUPLICATE_METHOD_MATCH = YES;
				"CODE_SIGN_IDENTITY[sdk=iphoneos*]" = "iPhone Developer";
				COPY_PHASE_STRIP = NO;
				DEBUG_INFORMATION_FORMAT = "dwarf-with-dsym";
				ENABLE_NS_ASSERTIONS = NO;
				ENABLE_STRICT_OBJC_MSGSEND = YES;
				GCC_C_LANGUAGE_STANDARD = gnu99;
				GCC_NO_COMMON_BLOCKS = YES;
				GCC_WARN_64_TO_32_BIT_CONVERSION = YES;
				GCC_WARN_ABOUT_RETURN_TYPE = YES_ERROR;
				GCC_WARN_UNDECLARED_SELECTOR = YES;
				GCC_WARN_UNINITIALIZED_AUTOS = YES_AGGRESSIVE;
				GCC_WARN_UNUSED_FUNCTION = YES;
				GCC_WARN_UNUSED_VARIABLE = YES;
				IPHONEOS_DEPLOYMENT_TARGET = 9.3;
				MTL_ENABLE_DEBUG_INFO = NO;
				SDKROOT = iphoneos;
				VALIDATE_PRODUCT = YES;
			};
			name = Release;
		};
		E961A84F1D4C9FD700CC2D43 /* Debug */ = {
			isa = XCBuildConfiguration;
			buildSettings = {
				ASSETCATALOG_COMPILER_APPICON_NAME = AppIcon;
				INFOPLIST_FILE = ImageLoaderDemo/Info.plist;
				LD_RUNPATH_SEARCH_PATHS = "$(inherited) @executable_path/Frameworks";
				PRODUCT_BUNDLE_IDENTIFIER = com.phani..ImageLoaderDemo;
				PRODUCT_NAME = "$(TARGET_NAME)";
			};
			name = Debug;
		};
		E961A8501D4C9FD700CC2D43 /* Release */ = {
			isa = XCBuildConfiguration;
			buildSettings = {
				ASSETCATALOG_COMPILER_APPICON_NAME = AppIcon;
				INFOPLIST_FILE = ImageLoaderDemo/Info.plist;
				LD_RUNPATH_SEARCH_PATHS = "$(inherited) @executable_path/Frameworks";
				PRODUCT_BUNDLE_IDENTIFIER = com.phani..ImageLoaderDemo;
				PRODUCT_NAME = "$(TARGET_NAME)";
			};
			name = Release;
		};
		E961A8521D4C9FD700CC2D43 /* Debug */ = {
			isa = XCBuildConfiguration;
			buildSettings = {
				BUNDLE_LOADER = "$(TEST_HOST)";
				INFOPLIST_FILE = ImageLoaderDemoTests/Info.plist;
				LD_RUNPATH_SEARCH_PATHS = "$(inherited) @executable_path/Frameworks @loader_path/Frameworks";
				PRODUCT_BUNDLE_IDENTIFIER = com.phani..ImageLoaderDemoTests;
				PRODUCT_NAME = "$(TARGET_NAME)";
				TEST_HOST = "$(BUILT_PRODUCTS_DIR)/ImageLoaderDemo.app/ImageLoaderDemo";
			};
			name = Debug;
		};
		E961A8531D4C9FD700CC2D43 /* Release */ = {
			isa = XCBuildConfiguration;
			buildSettings = {
				BUNDLE_LOADER = "$(TEST_HOST)";
				INFOPLIST_FILE = ImageLoaderDemoTests/Info.plist;
				LD_RUNPATH_SEARCH_PATHS = "$(inherited) @executable_path/Frameworks @loader_path/Frameworks";
				PRODUCT_BUNDLE_IDENTIFIER = com.phani..ImageLoaderDemoTests;
				PRODUCT_NAME = "$(TARGET_NAME)";
				TEST_HOST = "$(BUILT_PRODUCTS_DIR)/ImageLoaderDemo.app/ImageLoaderDemo";
			};
			name = Release;
		};
/* End XCBuildConfiguration section */

/* Begin XCConfigurationList section */
		E961A82C1D4C9FD700CC2D43 /* Build configuration list for PBXProject "ImageLoaderDemo" */ = {
			isa = XCConfigurationList;
			buildConfigurations = (
				E961A84C1D4C9FD700CC2D43 /* Debug */,
				E961A84D1D4C9FD700CC2D43 /* Release */,
			);
			defaultConfigurationIsVisible = 0;
			defaultConfigurationName = Release;
		};
		E961A84E1D4C9FD700CC2D43 /* Build configuration list for PBXNativeTarget "ImageLoaderDemo" */ = {
			isa = XCConfigurationList;
			buildConfigurations = (
				E961A84F1D4C9FD700CC2D43 /* Debug */,
				E961A8501D4C9FD700CC2D43 /* Release */,
			);
			defaultConfigurationIsVisible = 0;
		};
		E961A8511D4C9FD700CC2D43 /* Build configuration list for PBXNativeTarget "ImageLoaderDemoTests" */ = {
			isa = XCConfigurationList;
			buildConfigurations = (
				E961A8521D4C9FD700CC2D43 /* Debug */,
				E961A8531D4C9FD700CC2D43 /* Release */,
			);
			defaultConfigurationIsVisible = 0;
		};
/* End XCConfigurationList section */
	};
	rootObject = E961A8291D4C9FD700CC2D43 /* Project object */;
}
